
Microsoft Visual Studio Solution File, Format Version 12.00
# Visual Studio Version 17
VisualStudioVersion = 17.6.33723.286
MinimumVisualStudioVersion = 10.0.40219.1
Project("{8BC9CEB8-8B4A-11D0-8D11-00A0C91BC942}") = "SubTitle_GDI", "SubTitle_GDI\SubTitle_GDI.vcxproj", "{AFAB2530-E38E-4F04-8D4C-3C0DCC17E02E}"
EndProject
Global
	GlobalSection(SolutionConfigurationPlatforms) = preSolution
		Debug|x64 = Debug|x64
		Debug|x86 = Debug|x86
		Release|x64 = Release|x64
		Release|x86 = Release|x86
	EndGlobalSection
	GlobalSection(ProjectConfigurationPlatforms) = postSolution
		{AFAB2530-E38E-4F04-8D4C-3C0DCC17E02E}.Debug|x64.ActiveCfg = Debug|x64
		{AFAB2530-E38E-4F04-8D4C-3C0DCC17E02E}.Debug|x64.Build.0 = Debug|x64
		{AFAB2530-E38E-4F04-8D4C-3C0DCC17E02E}.Debug|x86.ActiveCfg = Debug|Win32
		{AFAB2530-E38E-4F04-8D4C-3C0DCC17E02E}.Debug|x86.Build.0 = Debug|Win32
		{AFAB2530-E38E-4F04-8D4C-3C0DCC17E02E}.Release|x64.ActiveCfg = Release|x64
		{AFAB2530-E38E-4F04-8D4C-3C0DCC17E02E}.Release|x64.Build.0 = Release|x64
		{AFAB2530-E38E-4F04-8D4C-3C0DCC17E02E}.Release|x86.ActiveCfg = Release|Win32
		{AFAB2530-E38E-4F04-8D4C-3C0DCC17E02E}.Release|x86.Build.0 = Release|Win32
	EndGlobalSection
	GlobalSection(SolutionProperties) = preSolution
		HideSolutionNode = FALSE
	EndGlobalSection
	GlobalSection(ExtensibilityGlobals) = postSolution
		SolutionGuid = {ED238AA8-13EC-49CF-9193-3E6DBB56337B}
	EndGlobalSection
EndGlobal
