<?xml version="1.0" encoding="utf-8"?>
<Project ToolsVersion="4.0" xmlns="http://schemas.microsoft.com/developer/msbuild/2003">
  <ItemGroup>
    <ClCompile Include="Layer\D2D\BaseLayer.cpp">
      <Filter>Layer\D2D</Filter>
    </ClCompile>
    <ClCompile Include="Player\Player.cpp">
      <Filter>Player</Filter>
    </ClCompile>
    <ClCompile Include="Layer\MainLayer.cpp">
      <Filter>Layer</Filter>
    </ClCompile>
  </ItemGroup>
  <ItemGroup>
    <ClInclude Include="Layer\D2D\BaseLayer.h">
      <Filter>Layer\D2D</Filter>
    </ClInclude>
    <ClInclude Include="VNSubtitle.h" />
    <ClInclude Include="Player\Player.h">
      <Filter>Player</Filter>
    </ClInclude>
    <ClInclude Include="Message.h" />
    <ClInclude Include="Layer\MainLayer.h">
      <Filter>Layer</Filter>
    </ClInclude>
  </ItemGroup>
  <ItemGroup>
    <Filter Include="Layer">
      <UniqueIdentifier>{61d24e70-4493-43a1-af04-d9a915a1bad1}</UniqueIdentifier>
    </Filter>
    <Filter Include="Layer\D2D">
      <UniqueIdentifier>{5ba7837c-d036-422a-95ba-6d9ea9dc4f18}</UniqueIdentifier>
    </Filter>
    <Filter Include="Player">
      <UniqueIdentifier>{b7566a4d-0134-4cc9-886f-04dca2228184}</UniqueIdentifier>
    </Filter>
  </ItemGroup>
</Project>